// !$*UTF8*$!
{
	archiveVersion = 1;
	classes = {
	};
	objectVersion = 46;
	objects = {

/* Begin PBXBuildFile section */
		3E7611CE1AD8C4B700B98832 /* main.m in Sources */ = {isa = PBXBuildFile; fileRef = 3E7611CD1AD8C4B700B98832 /* main.m */; };
		3E7611D11AD8C4B700B98832 /* AppDelegate.m in Sources */ = {isa = PBXBuildFile; fileRef = 3E7611D01AD8C4B700B98832 /* AppDelegate.m */; };
		3E7611D41AD8C4B700B98832 /* ViewController.m in Sources */ = {isa = PBXBuildFile; fileRef = 3E7611D31AD8C4B700B98832 /* ViewController.m */; };
		3E7611D91AD8C4B700B98832 /* Images.xcassets in Resources */ = {isa = PBXBuildFile; fileRef = 3E7611D81AD8C4B700B98832 /* Images.xcassets */; };
		3E7612001AD8CD7E00B98832 /* ViewController.m in Sources */ = {isa = PBXBuildFile; fileRef = 3E7611D31AD8C4B700B98832 /* ViewController.m */; };
		3E7612011AD8CD7E00B98832 /* AppDelegate.m in Sources */ = {isa = PBXBuildFile; fileRef = 3E7611D01AD8C4B700B98832 /* AppDelegate.m */; };
		3E7612021AD8CD7E00B98832 /* main.m in Sources */ = {isa = PBXBuildFile; fileRef = 3E7611CD1AD8C4B700B98832 /* main.m */; };
		3E7612051AD8CD7E00B98832 /* Images.xcassets in Resources */ = {isa = PBXBuildFile; fileRef = 3E7611D81AD8C4B700B98832 /* Images.xcassets */; };
/* End PBXBuildFile section */

/* Begin PBXFileReference section */
		3E7611C81AD8C4B700B98832 /* InheritanceScheme.app */ = {isa = PBXFileReference; explicitFileType = wrapper.application; includeInIndex = 0; path = InheritanceScheme.app; sourceTree = BUILT_PRODUCTS_DIR; };
		3E7611CC1AD8C4B700B98832 /* Info.plist */ = {isa = PBXFileReference; lastKnownFileType = text.plist.xml; path = Info.plist; sourceTree = "<group>"; };
		3E7611CD1AD8C4B700B98832 /* main.m */ = {isa = PBXFileReference; lastKnownFileType = sourcecode.c.objc; path = main.m; sourceTree = "<group>"; };
		3E7611CF1AD8C4B700B98832 /* AppDelegate.h */ = {isa = PBXFileReference; lastKnownFileType = sourcecode.c.h; path = AppDelegate.h; sourceTree = "<group>"; };
		3E7611D01AD8C4B700B98832 /* AppDelegate.m */ = {isa = PBXFileReference; lastKnownFileType = sourcecode.c.objc; path = AppDelegate.m; sourceTree = "<group>"; };
		3E7611D21AD8C4B700B98832 /* ViewController.h */ = {isa = PBXFileReference; lastKnownFileType = sourcecode.c.h; path = ViewController.h; sourceTree = "<group>"; };
		3E7611D31AD8C4B700B98832 /* ViewController.m */ = {isa = PBXFileReference; lastKnownFileType = sourcecode.c.objc; path = ViewController.m; sourceTree = "<group>"; };
		3E7611D81AD8C4B700B98832 /* Images.xcassets */ = {isa = PBXFileReference; lastKnownFileType = folder.assetcatalog; path = Images.xcassets; sourceTree = "<group>"; };
		3E7612091AD8CD7E00B98832 /* YYNavShouldPop copy.app */ = {isa = PBXFileReference; explicitFileType = wrapper.application; includeInIndex = 0; path = "YYNavShouldPop copy.app"; sourceTree = BUILT_PRODUCTS_DIR; };
/* End PBXFileReference section */

/* Begin PBXFrameworksBuildPhase section */
		3E7611C51AD8C4B700B98832 /* Frameworks */ = {
			isa = PBXFrameworksBuildPhase;
			buildActionMask = 2147483647;
			files = (
			);
			runOnlyForDeploymentPostprocessing = 0;
		};
		3E7612031AD8CD7E00B98832 /* Frameworks */ = {
			isa = PBXFrameworksBuildPhase;
			buildActionMask = 2147483647;
			files = (
			);
			runOnlyForDeploymentPostprocessing = 0;
		};
/* End PBXFrameworksBuildPhase section */

/* Begin PBXGroup section */
		3E7611BF1AD8C4B700B98832 = {
			isa = PBXGroup;
			children = (
				3E7611CA1AD8C4B700B98832 /* YYNavShouldPop */,
				3E7611C91AD8C4B700B98832 /* Products */,
			);
			sourceTree = "<group>";
		};
		3E7611C91AD8C4B700B98832 /* Products */ = {
			isa = PBXGroup;
			children = (
				3E7611C81AD8C4B700B98832 /* InheritanceScheme.app */,
				3E7612091AD8CD7E00B98832 /* YYNavShouldPop copy.app */,
			);
			name = Products;
			sourceTree = "<group>";
		};
		3E7611CA1AD8C4B700B98832 /* YYNavShouldPop */ = {
			isa = PBXGroup;
			children = (
				3E7611CF1AD8C4B700B98832 /* AppDelegate.h */,
				3E7611D01AD8C4B700B98832 /* AppDelegate.m */,
				3E7611D21AD8C4B700B98832 /* ViewController.h */,
				3E7611D31AD8C4B700B98832 /* ViewController.m */,
				3E7611D81AD8C4B700B98832 /* Images.xcassets */,
				3E7611CB1AD8C4B700B98832 /* Supporting Files */,
			);
			path = YYNavShouldPop;
			sourceTree = "<group>";
		};
		3E7611CB1AD8C4B700B98832 /* Supporting Files */ = {
			isa = PBXGroup;
			children = (
				3E7611CC1AD8C4B700B98832 /* Info.plist */,
				3E7611CD1AD8C4B700B98832 /* main.m */,
			);
			name = "Supporting Files";
			sourceTree = "<group>";
		};
/* End PBXGroup section */

/* Begin PBXNativeTarget section */
		3E7611C71AD8C4B700B98832 /* InheritanceScheme */ = {
			isa = PBXNativeTarget;
			buildConfigurationList = 3E7611EB1AD8C4B700B98832 /* Build configuration list for PBXNativeTarget "InheritanceScheme" */;
			buildPhases = (
				3E7611C41AD8C4B700B98832 /* Sources */,
				3E7611C51AD8C4B700B98832 /* Frameworks */,
				3E7611C61AD8C4B700B98832 /* Resources */,
			);
			buildRules = (
			);
			dependencies = (
			);
			name = InheritanceScheme;
			productName = YYNavShouldPop;
			productReference = 3E7611C81AD8C4B700B98832 /* InheritanceScheme.app */;
			productType = "com.apple.product-type.application";
		};
		3E7611FE1AD8CD7E00B98832 /* CategoryScheme */ = {
			isa = PBXNativeTarget;
			buildConfigurationList = 3E7612061AD8CD7E00B98832 /* Build configuration list for PBXNativeTarget "CategoryScheme" */;
			buildPhases = (
				3E7611FF1AD8CD7E00B98832 /* Sources */,
				3E7612031AD8CD7E00B98832 /* Frameworks */,
				3E7612041AD8CD7E00B98832 /* Resources */,
			);
			buildRules = (
			);
			dependencies = (
			);
			name = CategoryScheme;
			productName = YYNavShouldPop;
			productReference = 3E7612091AD8CD7E00B98832 /* YYNavShouldPop copy.app */;
			productType = "com.apple.product-type.application";
		};
/* End PBXNativeTarget section */

/* Begin PBXProject section */
		3E7611C01AD8C4B700B98832 /* Project object */ = {
			isa = PBXProject;
			attributes = {
				LastUpgradeCheck = 0620;
				ORGANIZATIONNAME = Dashing;
				TargetAttributes = {
					3E7611C71AD8C4B700B98832 = {
						CreatedOnToolsVersion = 6.2;
					};
				};
			};
			buildConfigurationList = 3E7611C31AD8C4B700B98832 /* Build configuration list for PBXProject "YYNavShouldPop" */;
			compatibilityVersion = "Xcode 3.2";
			developmentRegion = English;
			hasScannedForEncodings = 0;
			knownRegions = (
				en,
				Base,
			);
			mainGroup = 3E7611BF1AD8C4B700B98832;
			productRefGroup = 3E7611C91AD8C4B700B98832 /* Products */;
			projectDirPath = "";
			projectRoot = "";
			targets = (
				3E7611C71AD8C4B700B98832 /* InheritanceScheme */,
				3E7611FE1AD8CD7E00B98832 /* CategoryScheme */,
			);
		};
/* End PBXProject section */

/* Begin PBXResourcesBuildPhase section */
		3E7611C61AD8C4B700B98832 /* Resources */ = {
			isa = PBXResourcesBuildPhase;
			buildActionMask = 2147483647;
			files = (
				3E7611D91AD8C4B700B98832 /* Images.xcassets in Resources */,
			);
			runOnlyForDeploymentPostprocessing = 0;
		};
		3E7612041AD8CD7E00B98832 /* Resources */ = {
			isa = PBXResourcesBuildPhase;
			buildActionMask = 2147483647;
			files = (
				3E7612051AD8CD7E00B98832 /* Images.xcassets in Resources */,
			);
			runOnlyForDeploymentPostprocessing = 0;
		};
/* End PBXResourcesBuildPhase section */

/* Begin PBXSourcesBuildPhase section */
		3E7611C41AD8C4B700B98832 /* Sources */ = {
			isa = PBXSourcesBuildPhase;
			buildActionMask = 2147483647;
			files = (
				3E7611D41AD8C4B700B98832 /* ViewController.m in Sources */,
				3E7611D11AD8C4B700B98832 /* AppDelegate.m in Sources */,
				3E7611CE1AD8C4B700B98832 /* main.m in Sources */,
			);
			runOnlyForDeploymentPostprocessing = 0;
		};
		3E7611FF1AD8CD7E00B98832 /* Sources */ = {
			isa = PBXSourcesBuildPhase;
			buildActionMask = 2147483647;
			files = (
				3E7612001AD8CD7E00B98832 /* ViewController.m in Sources */,
				3E7612011AD8CD7E00B98832 /* AppDelegate.m in Sources */,
				3E7612021AD8CD7E00B98832 /* main.m in Sources */,
			);
			runOnlyForDeploymentPostprocessing = 0;
		};
/* End PBXSourcesBuildPhase section */

/* Begin XCBuildConfiguration section */
		3E7611E91AD8C4B700B98832 /* Debug */ = {
			isa = XCBuildConfiguration;
			buildSettings = {
				ALWAYS_SEARCH_USER_PATHS = NO;
				CLANG_CXX_LANGUAGE_STANDARD = "gnu++0x";
				CLANG_CXX_LIBRARY = "libc++";
				CLANG_ENABLE_MODULES = YES;
				CLANG_ENABLE_OBJC_ARC = YES;
				CLANG_WARN_BOOL_CONVERSION = YES;
				CLANG_WARN_CONSTANT_CONVERSION = YES;
				CLANG_WARN_DIRECT_OBJC_ISA_USAGE = YES_ERROR;
				CLANG_WARN_EMPTY_BODY = YES;
				CLANG_WARN_ENUM_CONVERSION = YES;
				CLANG_WARN_INT_CONVERSION = YES;
				CLANG_WARN_OBJC_ROOT_CLASS = YES_ERROR;
				CLANG_WARN_UNREACHABLE_CODE = YES;
				CLANG_WARN__DUPLICATE_METHOD_MATCH = YES;
				"CODE_SIGN_IDENTITY[sdk=iphoneos*]" = "iPhone Developer";
				COPY_PHASE_STRIP = NO;
				ENABLE_STRICT_OBJC_MSGSEND = YES;
				GCC_C_LANGUAGE_STANDARD = gnu99;
				GCC_DYNAMIC_NO_PIC = NO;
				GCC_OPTIMIZATION_LEVEL = 0;
				GCC_PREPROCESSOR_DEFINITIONS = (
					"DEBUG=1",
					"$(inherited)",
				);
				GCC_SYMBOLS_PRIVATE_EXTERN = NO;
				GCC_WARN_64_TO_32_BIT_CONVERSION = YES;
				GCC_WARN_ABOUT_RETURN_TYPE = YES_ERROR;
				GCC_WARN_UNDECLARED_SELECTOR = YES;
				GCC_WARN_UNINITIALIZED_AUTOS = YES_AGGRESSIVE;
				GCC_WARN_UNUSED_FUNCTION = YES;
				GCC_WARN_UNUSED_VARIABLE = YES;
				IPHONEOS_DEPLOYMENT_TARGET = 8.2;
				MTL_ENABLE_DEBUG_INFO = YES;
				ONLY_ACTIVE_ARCH = YES;
				SDKROOT = iphoneos;
			};
			name = Debug;
		};
		3E7611EA1AD8C4B700B98832 /* Release */ = {
			isa = XCBuildConfiguration;
			buildSettings = {
				ALWAYS_SEARCH_USER_PATHS = NO;
				CLANG_CXX_LANGUAGE_STANDARD = "gnu++0x";
				CLANG_CXX_LIBRARY = "libc++";
				CLANG_ENABLE_MODULES = YES;
				CLANG_ENABLE_OBJC_ARC = YES;
				CLANG_WARN_BOOL_CONVERSION = YES;
				CLANG_WARN_CONSTANT_CONVERSION = YES;
				CLANG_WARN_DIRECT_OBJC_ISA_USAGE = YES_ERROR;
				CLANG_WARN_EMPTY_BODY = YES;
				CLANG_WARN_ENUM_CONVERSION = YES;
				CLANG_WARN_INT_CONVERSION = YES;
				CLANG_WARN_OBJC_ROOT_CLASS = YES_ERROR;
				CLANG_WARN_UNREACHABLE_CODE = YES;
				CLANG_WARN__DUPLICATE_METHOD_MATCH = YES;
				"CODE_SIGN_IDENTITY[sdk=iphoneos*]" = "iPhone Developer";
				COPY_PHASE_STRIP = NO;
				ENABLE_NS_ASSERTIONS = NO;
				ENABLE_STRICT_OBJC_MSGSEND = YES;
				GCC_C_LANGUAGE_STANDARD = gnu99;
				GCC_WARN_64_TO_32_BIT_CONVERSION = YES;
				GCC_WARN_ABOUT_RETURN_TYPE = YES_ERROR;
				GCC_WARN_UNDECLARED_SELECTOR = YES;
				GCC_WARN_UNINITIALIZED_AUTOS = YES_AGGRESSIVE;
				GCC_WARN_UNUSED_FUNCTION = YES;
				GCC_WARN_UNUSED_VARIABLE = YES;
				IPHONEOS_DEPLOYMENT_TARGET = 8.2;
				MTL_ENABLE_DEBUG_INFO = NO;
				SDKROOT = iphoneos;
				VALIDATE_PRODUCT = YES;
			};
			name = Release;
		};
		3E7611EC1AD8C4B700B98832 /* Debug */ = {
			isa = XCBuildConfiguration;
			buildSettings = {
				ASSETCATALOG_COMPILER_APPICON_NAME = AppIcon;
				ASSETCATALOG_COMPILER_LAUNCHIMAGE_NAME = LaunchImage;
				INFOPLIST_FILE = YYNavShouldPop/Info.plist;
				LD_RUNPATH_SEARCH_PATHS = "$(inherited) @executable_path/Frameworks";
				OTHER_CFLAGS = "-DINHERITANCE_SCHEME";
				PRODUCT_NAME = "$(TARGET_NAME)";
			};
			name = Debug;
		};
		3E7611ED1AD8C4B700B98832 /* Release */ = {
			isa = XCBuildConfiguration;
			buildSettings = {
				ASSETCATALOG_COMPILER_APPICON_NAME = AppIcon;
				ASSETCATALOG_COMPILER_LAUNCHIMAGE_NAME = LaunchImage;
				INFOPLIST_FILE = YYNavShouldPop/Info.plist;
				LD_RUNPATH_SEARCH_PATHS = "$(inherited) @executable_path/Frameworks";
				OTHER_CFLAGS = "-DINHERITANCE_SCHEME";
				PRODUCT_NAME = "$(TARGET_NAME)";
			};
			name = Release;
		};
		3E7612071AD8CD7E00B98832 /* Debug */ = {
			isa = XCBuildConfiguration;
			buildSettings = {
				ASSETCATALOG_COMPILER_APPICON_NAME = AppIcon;
				ASSETCATALOG_COMPILER_LAUNCHIMAGE_NAME = LaunchImage;
				INFOPLIST_FILE = "$(SRCROOT)/YYNavShouldPop/Info.plist";
				LD_RUNPATH_SEARCH_PATHS = "$(inherited) @executable_path/Frameworks";
				OTHER_CFLAGS = "-DCATEGORY_SCHEME";
				PRODUCT_NAME = "YYNavShouldPop copy";
			};
			name = Debug;
		};
		3E7612081AD8CD7E00B98832 /* Release */ = {
			isa = XCBuildConfiguration;
			buildSettings = {
				ASSETCATALOG_COMPILER_APPICON_NAME = AppIcon;
				ASSETCATALOG_COMPILER_LAUNCHIMAGE_NAME = LaunchImage;
				INFOPLIST_FILE = "$(SRCROOT)/YYNavShouldPop/Info.plist";
				LD_RUNPATH_SEARCH_PATHS = "$(inherited) @executable_path/Frameworks";
				OTHER_CFLAGS = "-DCATEGORY_SCHEME";
				PRODUCT_NAME = "YYNavShouldPop copy";
			};
			name = Release;
		};
/* End XCBuildConfiguration section */

/* Begin XCConfigurationList section */
		3E7611C31AD8C4B700B98832 /* Build configuration list for PBXProject "YYNavShouldPop" */ = {
			isa = XCConfigurationList;
			buildConfigurations = (
				3E7611E91AD8C4B700B98832 /* Debug */,
				3E7611EA1AD8C4B700B98832 /* Release */,
			);
			defaultConfigurationIsVisible = 0;
			defaultConfigurationName = Release;
		};
		3E7611EB1AD8C4B700B98832 /* Build configuration list for PBXNativeTarget "InheritanceScheme" */ = {
			isa = XCConfigurationList;
			buildConfigurations = (
				3E7611EC1AD8C4B700B98832 /* Debug */,
				3E7611ED1AD8C4B700B98832 /* Release */,
			);
			defaultConfigurationIsVisible = 0;
			defaultConfigurationName = Release;
		};
		3E7612061AD8CD7E00B98832 /* Build configuration list for PBXNativeTarget "CategoryScheme" */ = {
			isa = XCConfigurationList;
			buildConfigurations = (
				3E7612071AD8CD7E00B98832 /* Debug */,
				3E7612081AD8CD7E00B98832 /* Release */,
			);
			defaultConfigurationIsVisible = 0;
			defaultConfigurationName = Release;
		};
/* End XCConfigurationList section */
	};
	rootObject = 3E7611C01AD8C4B700B98832 /* Project object */;
}
